
Microsoft Visual Studio Solution File, Format Version 12.00
# Visual Studio Version 16
VisualStudioVersion = 16.0.30114.105
MinimumVisualStudioVersion = 10.0.40219.1
Project("{2150E333-8FDC-42A3-9474-1A3956D46DE8}") = "IdentityProvider", "IdentityProvider", "{5AADAC40-20C9-11ED-8914-BF10E6C0C194}"
EndProject
Project("{2150E333-8FDC-42A3-9474-1A3956D46DE8}") = "src", "src", "{6021DA20-20C9-11ED-8914-BF10E6C0C194}"
EndProject
Project("{2150E333-8FDC-42A3-9474-1A3956D46DE8}") = "Presentation", "Presentation", "{69DE6010-20C9-11ED-8914-BF10E6C0C194}"
EndProject
Project("{FAE04EC0-301F-11D3-BF4B-00C04F79EFBC}") = "SchoolApp.IdentityProvider.Api", "SchoolApp.IdentityProvider.Api\SchoolApp.IdentityProvider.Api.csproj", "{32E0711F-C606-47CE-ADDF-1D0272BDB164}"
EndProject
Project("{2150E333-8FDC-42A3-9474-1A3956D46DE8}") = "Application", "Application", "{F904F380-20C9-11ED-8914-BF10E6C0C194}"
EndProject
Project("{2150E333-8FDC-42A3-9474-1A3956D46DE8}") = "Infrastructure", "Infrastructure", "{FD8A5490-20C9-11ED-8914-BF10E6C0C194}"
EndProject
Project("{FAE04EC0-301F-11D3-BF4B-00C04F79EFBC}") = "SchoolApp.IdentityProvider.Application", "SchoolApp.IdentityProvider.Application\SchoolApp.IdentityProvider.Application.csproj", "{C85EA288-0EFB-4F64-AD4E-02901F476127}"
EndProject
Project("{FAE04EC0-301F-11D3-BF4B-00C04F79EFBC}") = "SchoolApp.IdentityProvider.Sql", "SchoolApp.IdentityProvider.Sql\SchoolApp.IdentityProvider.Sql.csproj", "{641BB012-FAD1-4A15-9C27-624111663181}"
EndProject
Project("{2150E333-8FDC-42A3-9474-1A3956D46DE8}") = "Classroom", "Classroom", "{C3102E11-B535-4C5F-94EA-EFB946E35FA7}"
EndProject
Project("{2150E333-8FDC-42A3-9474-1A3956D46DE8}") = "src", "src", "{F3AFBA60-A853-4D79-A999-4A4CEECD0D69}"
EndProject
Project("{2150E333-8FDC-42A3-9474-1A3956D46DE8}") = "Application", "Application", "{51FD6824-D550-40D0-A457-E52F51F740F0}"
EndProject
Project("{2150E333-8FDC-42A3-9474-1A3956D46DE8}") = "Infrastructure", "Infrastructure", "{957F6514-5A3E-4336-8252-8ACDAA45B32C}"
EndProject
Project("{2150E333-8FDC-42A3-9474-1A3956D46DE8}") = "Presentation", "Presentation", "{FEEE977B-60EA-4614-8BA3-84603AF99A88}"
EndProject
Project("{FAE04EC0-301F-11D3-BF4B-00C04F79EFBC}") = "SchoolApp.Classroom.Api", "SchoolApp.Classroom.Api\SchoolApp.Classroom.Api.csproj", "{C9050EAB-5A6F-4E07-838C-19A9A4917F4F}"
EndProject
Project("{FAE04EC0-301F-11D3-BF4B-00C04F79EFBC}") = "SchoolApp.Classroom.Application", "SchoolApp.Classroom.Application\SchoolApp.Classroom.Application.csproj", "{4A2BA6F4-1AC5-47BE-A123-490BE6E3FDD9}"
EndProject
Project("{FAE04EC0-301F-11D3-BF4B-00C04F79EFBC}") = "SchoolApp.Classroom.Sql", "SchoolApp.Classroom.Sql\SchoolApp.Classroom.Sql.csproj", "{796376DD-61AE-4A7D-A2F9-BD627623285A}"
EndProject
Project("{FAE04EC0-301F-11D3-BF4B-00C04F79EFBC}") = "SchoolApp.Shared.Utils", "SchoolApp.Shared.Utils\SchoolApp.Shared.Utils.csproj", "{983477C6-6367-4F7A-88B5-28EDEFA14896}"
EndProject
Project("{2150E333-8FDC-42A3-9474-1A3956D46DE8}") = "Shared", "Shared", "{57C73204-92A3-493D-A012-D3E8F9526107}"
EndProject
Project("{FAE04EC0-301F-11D3-BF4B-00C04F79EFBC}") = "SchoolApp.Shared.Utils.Sql", "SchoolApp.Shared.Utils.Sql\SchoolApp.Shared.Utils.Sql.csproj", "{07878A73-446E-46B8-BBD8-E9D0FD23E9C1}"
EndProject
Project("{FAE04EC0-301F-11D3-BF4B-00C04F79EFBC}") = "SchoolApp.Shared.Utils.HttpApi", "SchoolApp.Shared.Utils.HttpApi\SchoolApp.Shared.Utils.HttpApi.csproj", "{3BF5ECF3-0B50-42B8-856F-08BAB0F227AF}"
EndProject
Project("{2150E333-8FDC-42A3-9474-1A3956D46DE8}") = "Activity", "Activity", "{4514D60C-4468-43F2-9911-F680758BE5EE}"
EndProject
Project("{2150E333-8FDC-42A3-9474-1A3956D46DE8}") = "src", "src", "{9D43FF52-E127-4278-9464-A960305AF8B5}"
EndProject
Project("{2150E333-8FDC-42A3-9474-1A3956D46DE8}") = "Application", "Application", "{9CFF39CF-5622-4C3B-99FF-A3191A0A38A5}"
EndProject
Project("{2150E333-8FDC-42A3-9474-1A3956D46DE8}") = "Infrastructure", "Infrastructure", "{24F668F3-2288-4F17-BA48-79673AD877C0}"
EndProject
Project("{2150E333-8FDC-42A3-9474-1A3956D46DE8}") = "Presentation", "Presentation", "{AA9F9ECC-F9CD-4FF3-BCB3-1F116EB038DD}"
EndProject
Project("{FAE04EC0-301F-11D3-BF4B-00C04F79EFBC}") = "SchoolApp.Activity.Api", "SchoolApp.Activity.Api\SchoolApp.Activity.Api.csproj", "{0224248F-2367-4DE1-B158-F1DB8D7E1B81}"
EndProject
Project("{FAE04EC0-301F-11D3-BF4B-00C04F79EFBC}") = "SchoolApp.Activity.Application", "SchoolApp.Activity.Application\SchoolApp.Activity.Application.csproj", "{4F175DB9-7BC4-4BF3-90AF-5F2619C488A2}"
EndProject
Project("{FAE04EC0-301F-11D3-BF4B-00C04F79EFBC}") = "SchoolApp.Activity.NoSql", "SchoolApp.Activity.NoSql\SchoolApp.Activity.NoSql.csproj", "{AD213834-1B4D-4922-9ABB-8F6149BF9409}"
EndProject
Project("{FAE04EC0-301F-11D3-BF4B-00C04F79EFBC}") = "SchoolApp.Shared.Utils.MongoDb", "SchoolApp.Shared.Utils.MongoDb\SchoolApp.Shared.Utils.MongoDb.csproj", "{6991C12D-A563-40B6-BC9A-D372CAE068B8}"
EndProject
Project("{FAE04EC0-301F-11D3-BF4B-00C04F79EFBC}") = "SchoolApp.IdentityProvider.ServiceApi", "SchoolApp.IdentityProvider.ServiceApi\SchoolApp.IdentityProvider.ServiceApi.csproj", "{048EA5EF-2737-4993-896C-A06ABF371651}"
EndProject
Project("{2150E333-8FDC-42A3-9474-1A3956D46DE8}") = "IoC", "IoC", "{7B302083-26EB-4A6C-985D-9CF0AEBCF87F}"
EndProject
Project("{FAE04EC0-301F-11D3-BF4B-00C04F79EFBC}") = "SchoolApp.IdentityProvider.Ioc", "SchoolApp.IdentityProvider.Ioc\SchoolApp.IdentityProvider.Ioc.csproj", "{C3494504-9690-4279-B760-AFBCE9302D6F}"
EndProject
Project("{FAE04EC0-301F-11D3-BF4B-00C04F79EFBC}") = "SchoolApp.Classroom.Http", "SchoolApp.Classroom.Http\SchoolApp.Classroom.Http.csproj", "{822E5E20-CD62-47C6-B7E8-B73DC9F188E8}"
EndProject
Project("{FAE04EC0-301F-11D3-BF4B-00C04F79EFBC}") = "SchoolApp.Classroom.ServiceApi", "SchoolApp.Classroom.ServiceApi\SchoolApp.Classroom.ServiceApi.csproj", "{1CE4C2B4-D3E6-4299-ADFC-007E3CE92853}"
EndProject
Project("{2150E333-8FDC-42A3-9474-1A3956D46DE8}") = "IoC", "IoC", "{3D6EA27E-9268-4A5F-AC4D-13E589332084}"
EndProject
Project("{FAE04EC0-301F-11D3-BF4B-00C04F79EFBC}") = "SchoolApp.Classroom.Ioc", "SchoolApp.Classroom.Ioc\SchoolApp.Classroom.Ioc.csproj", "{B32FF749-72B6-4EFA-BE76-F351ABD568F6}"
EndProject
Project("{FAE04EC0-301F-11D3-BF4B-00C04F79EFBC}") = "SchoolApp.Activity.Http", "SchoolApp.Activity.Http\SchoolApp.Activity.Http.csproj", "{7EA44747-E14A-445D-B0F2-A0ACC53C0831}"
EndProject
Project("{2150E333-8FDC-42A3-9474-1A3956D46DE8}") = "IoC", "IoC", "{B1F66CC9-A8CD-4B2C-BBDD-A113CE546592}"
EndProject
Project("{FAE04EC0-301F-11D3-BF4B-00C04F79EFBC}") = "SchoolApp.Activity.ServiceApi", "SchoolApp.Activity.ServiceApi\SchoolApp.Activity.ServiceApi.csproj", "{03048958-0FF4-4DDE-9F61-F592B1ECA3AD}"
EndProject
Project("{FAE04EC0-301F-11D3-BF4B-00C04F79EFBC}") = "SchoolApp.Activity.Ioc", "SchoolApp.Activity.Ioc\SchoolApp.Activity.Ioc.csproj", "{D7DCCD70-F596-4EFB-A09E-95B71567DCD6}"
EndProject
Project("{2150E333-8FDC-42A3-9474-1A3956D46DE8}") = "File", "File", "{3C10B729-55C0-411B-9971-84D58768AFB3}"
EndProject
Project("{FAE04EC0-301F-11D3-BF4B-00C04F79EFBC}") = "SchoolApp.File.Api", "SchoolApp.File.Api\SchoolApp.File.Api.csproj", "{172908DA-6175-44E3-A6C7-0634B1C3871B}"
EndProject
Project("{2150E333-8FDC-42A3-9474-1A3956D46DE8}") = "src", "src", "{0C905C3A-9A7D-408B-B781-C3B4C48F7D2E}"
EndProject
Project("{2150E333-8FDC-42A3-9474-1A3956D46DE8}") = "Application", "Application", "{C2E55A04-75DD-4FFF-8032-9BEB685E9D3D}"
EndProject
Project("{2150E333-8FDC-42A3-9474-1A3956D46DE8}") = "Infrastructure", "Infrastructure", "{8F6BE3AD-D151-4F71-91AF-D2DD393284BA}"
EndProject
Project("{2150E333-8FDC-42A3-9474-1A3956D46DE8}") = "Presentation", "Presentation", "{7E8B80C2-8FDA-4EC4-98AF-B0569C7BB5F9}"
EndProject
Project("{FAE04EC0-301F-11D3-BF4B-00C04F79EFBC}") = "SchoolApp.File.Application", "SchoolApp.File.Application\SchoolApp.File.Application.csproj", "{BD6BA962-3D94-499F-8478-3A2E7268CD94}"
EndProject
Project("{FAE04EC0-301F-11D3-BF4B-00C04F79EFBC}") = "SchoolApp.File.Http", "SchoolApp.File.Http\SchoolApp.File.Http.csproj", "{E858DF37-8FD1-47E1-BE1F-09201876F554}"
EndProject
Project("{FAE04EC0-301F-11D3-BF4B-00C04F79EFBC}") = "SchoolApp.File.Blob", "SchoolApp.File.Blob\SchoolApp.File.Blob.csproj", "{CCBD5265-BACB-45F0-839E-6EDD8E816F4F}"
EndProject
Project("{2150E333-8FDC-42A3-9474-1A3956D46DE8}") = "Feed", "Feed", "{5CB9A71C-9D19-4111-85BC-62AD019BD925}"
EndProject
Project("{2150E333-8FDC-42A3-9474-1A3956D46DE8}") = "Application", "Application", "{EA2C78E7-2A86-4FDC-9F58-128379093288}"
EndProject
Project("{2150E333-8FDC-42A3-9474-1A3956D46DE8}") = "Presentation", "Presentation", "{BE1F0E77-5576-4F27-A7FE-7E45A8A939CC}"
EndProject
Project("{2150E333-8FDC-42A3-9474-1A3956D46DE8}") = "Infrastructure", "Infrastructure", "{66F77D6F-FC61-437D-9556-C66ACBB5382E}"
EndProject
Project("{2150E333-8FDC-42A3-9474-1A3956D46DE8}") = "src", "src", "{2A0CF1A1-68D5-49B8-AE70-E8CD6FD0688A}"
EndProject
Project("{FAE04EC0-301F-11D3-BF4B-00C04F79EFBC}") = "SchoolApp.Feed.Api", "SchoolApp.Feed.Api\SchoolApp.Feed.Api.csproj", "{7507C07C-6FD1-4BCE-A69D-3334D859DF9C}"
EndProject
Project("{FAE04EC0-301F-11D3-BF4B-00C04F79EFBC}") = "SchoolApp.Feed.Application", "SchoolApp.Feed.Application\SchoolApp.Feed.Application.csproj", "{E5194BCC-5D0C-44A0-9233-66FCAD12CD8A}"
EndProject
Project("{FAE04EC0-301F-11D3-BF4B-00C04F79EFBC}") = "SchoolApp.Feed.NoSql", "SchoolApp.Feed.NoSql\SchoolApp.Feed.NoSql.csproj", "{23DCD2C9-1A2E-4F41-9D25-FFBB8B6CB6B0}"
EndProject
Project("{2150E333-8FDC-42A3-9474-1A3956D46DE8}") = "IoC", "IoC", "{C3FDC6E7-865A-4BD8-8848-BBBA71EF2ED7}"
EndProject
Project("{FAE04EC0-301F-11D3-BF4B-00C04F79EFBC}") = "SchoolApp.Feed.Ioc", "SchoolApp.Feed.Ioc\SchoolApp.Feed.Ioc.csproj", "{7C77A843-A07A-487E-800D-2B8CB76A2C5A}"
EndProject
Project("{FAE04EC0-301F-11D3-BF4B-00C04F79EFBC}") = "SchoolApp.Feed.Queue", "SchoolApp.Feed.Queue\SchoolApp.Feed.Queue.csproj", "{E99E0DED-FB31-4B7C-8949-7318C226B736}"
EndProject
Project("{2150E333-8FDC-42A3-9474-1A3956D46DE8}") = "Adapters", "Adapters", "{1670BEF2-352A-4C9C-92A7-2590BE337C38}"
EndProject
Project("{FAE04EC0-301F-11D3-BF4B-00C04F79EFBC}") = "SchoolApp.IdentityProvider.MessageAllowedPermission", "SchoolApp.IdentityProvider.MessageAllowedPermission\SchoolApp.IdentityProvider.MessageAllowedPermission.csproj", "{9F1E080A-2C24-450E-87F3-300A33C19DBF}"
EndProject
Project("{FAE04EC0-301F-11D3-BF4B-00C04F79EFBC}") = "SchoolApp.Feed.Http", "SchoolApp.Feed.Http\SchoolApp.Feed.Http.csproj", "{234FC7D2-56B1-4B1D-AA96-5887C49DFEDF}"
EndProject
Project("{2150E333-8FDC-42A3-9474-1A3956D46DE8}") = "Chat", "Chat", "{73A6BA8C-5258-408F-AA0C-D15874038FA9}"
EndProject
Project("{2150E333-8FDC-42A3-9474-1A3956D46DE8}") = "Application", "Application", "{9D119B5E-BF7F-468F-9D76-D4DCC82DADD0}"
EndProject
Project("{2150E333-8FDC-42A3-9474-1A3956D46DE8}") = "Presentation", "Presentation", "{C7E88A7C-087A-416E-A521-3454BE0B4327}"
EndProject
Project("{2150E333-8FDC-42A3-9474-1A3956D46DE8}") = "Infrastructure", "Infrastructure", "{E76A553B-7F78-4D38-9F69-06879B17E597}"
EndProject
Project("{FAE04EC0-301F-11D3-BF4B-00C04F79EFBC}") = "SchoolApp.Chat.Api", "SchoolApp.Chat.Api\SchoolApp.Chat.Api.csproj", "{EF4C3D9C-4BA6-46A5-B569-BA8E155F0353}"
EndProject
Project("{FAE04EC0-301F-11D3-BF4B-00C04F79EFBC}") = "SchoolApp.Chat.Application", "SchoolApp.Chat.Application\SchoolApp.Chat.Application.csproj", "{3B1FD121-1DCE-46BE-BEDF-564A0B40CA3B}"
EndProject
Project("{FAE04EC0-301F-11D3-BF4B-00C04F79EFBC}") = "SchoolApp.Chat.NoSql", "SchoolApp.Chat.NoSql\SchoolApp.Chat.NoSql.csproj", "{DD3AA4CB-C223-4523-A41C-69A5F5F694E5}"
EndProject
Project("{2150E333-8FDC-42A3-9474-1A3956D46DE8}") = "src", "src", "{C70C3230-1FC4-46E0-A1D7-F5593657F4C9}"
EndProject
Project("{FAE04EC0-301F-11D3-BF4B-00C04F79EFBC}") = "SchoolApp.Chat.Http", "SchoolApp.Chat.Http\SchoolApp.Chat.Http.csproj", "{BB55920C-BB3C-4B96-AD17-3EF5D1C912FF}"
EndProject
Project("{2150E333-8FDC-42A3-9474-1A3956D46DE8}") = "Gateway", "Gateway", "{2C15E67B-C350-4684-900F-23145E94B9AA}"
EndProject
Project("{FAE04EC0-301F-11D3-BF4B-00C04F79EFBC}") = "SchoolApp.Gateway", "SchoolApp.Gateway\SchoolApp.Gateway.csproj", "{56CFCF00-7FF8-45A8-800C-6D61F4DE0B3F}"
EndProject
Project("{2150E333-8FDC-42A3-9474-1A3956D46DE8}") = "tests", "tests", "{52E07F4E-20F9-46E4-8110-A054FD4580DC}"
EndProject
Project("{FAE04EC0-301F-11D3-BF4B-00C04F79EFBC}") = "SchoolApp.IdentityProvider.Test", "SchoolApp.IdentityProvider.Test\SchoolApp.IdentityProvider.Test.csproj", "{728F968B-CCAA-4163-9E1C-237A6A30F24D}"
EndProject
Project("{2150E333-8FDC-42A3-9474-1A3956D46DE8}") = "tests", "tests", "{D9CD1800-1ABF-4B8A-A0D2-77BA05A0D612}"
EndProject
Project("{FAE04EC0-301F-11D3-BF4B-00C04F79EFBC}") = "SchoolApp.Classroom.Test", "SchoolApp.Classroom.Test\SchoolApp.Classroom.Test.csproj", "{F3272359-B9B9-4801-A61E-D0DD4DE2038D}"
EndProject
Project("{FAE04EC0-301F-11D3-BF4B-00C04F79EFBC}") = "SchoolApp.Shared.Utils.Test", "SchoolApp.Shared.Utils.Test\SchoolApp.Shared.Utils.Test.csproj", "{8D2C0F24-2B86-467D-8161-5743ADB4F375}"
EndProject
Project("{2150E333-8FDC-42A3-9474-1A3956D46DE8}") = "tests", "tests", "{844C2A4B-D328-4885-AB1F-F75BB31C9772}"
EndProject
Project("{FAE04EC0-301F-11D3-BF4B-00C04F79EFBC}") = "SchoolApp.Activity.Test", "SchoolApp.Activity.Test\SchoolApp.Activity.Test.csproj", "{2BAF691A-4B8B-4BA4-8CCE-114D0B9CE83A}"
EndProject
Project("{2150E333-8FDC-42A3-9474-1A3956D46DE8}") = "test", "test", "{35EBF031-B248-4A00-9B84-5FCF792DE804}"
EndProject
Project("{FAE04EC0-301F-11D3-BF4B-00C04F79EFBC}") = "SchoolApp.Chat.Test", "SchoolApp.Chat.Test\SchoolApp.Chat.Test.csproj", "{52312290-A4F9-4ED4-96D8-8D7CF0695F54}"
EndProject
Project("{2150E333-8FDC-42A3-9474-1A3956D46DE8}") = "test", "test", "{5D19F924-B9D8-4CE2-99B1-E3AFCA6DB9F4}"
EndProject
Project("{FAE04EC0-301F-11D3-BF4B-00C04F79EFBC}") = "SchoolApp.Feed.Test", "SchoolApp.Feed.Test\SchoolApp.Feed.Test.csproj", "{79E10A18-B0E2-417A-8832-863CE6F2DE5C}"
EndProject
Project("{2150E333-8FDC-42A3-9474-1A3956D46DE8}") = "test", "test", "{AB2702FB-30FC-43AD-8310-B9AA1F14870D}"
EndProject
Project("{FAE04EC0-301F-11D3-BF4B-00C04F79EFBC}") = "SchoolApp.File.Test", "SchoolApp.File.Test\SchoolApp.File.Test.csproj", "{403C0129-E240-4B96-97B3-4DCEEACE380D}"
EndProject
Global
	GlobalSection(SolutionConfigurationPlatforms) = preSolution
		Debug|Any CPU = Debug|Any CPU
		Release|Any CPU = Release|Any CPU
	EndGlobalSection
	GlobalSection(SolutionProperties) = preSolution
		HideSolutionNode = FALSE
	EndGlobalSection
	GlobalSection(NestedProjects) = preSolution
		{403C0129-E240-4B96-97B3-4DCEEACE380D} = {AB2702FB-30FC-43AD-8310-B9AA1F14870D}
		{AB2702FB-30FC-43AD-8310-B9AA1F14870D} = {3C10B729-55C0-411B-9971-84D58768AFB3}
		{79E10A18-B0E2-417A-8832-863CE6F2DE5C} = {5D19F924-B9D8-4CE2-99B1-E3AFCA6DB9F4}
		{5D19F924-B9D8-4CE2-99B1-E3AFCA6DB9F4} = {5CB9A71C-9D19-4111-85BC-62AD019BD925}
		{52312290-A4F9-4ED4-96D8-8D7CF0695F54} = {35EBF031-B248-4A00-9B84-5FCF792DE804}
		{35EBF031-B248-4A00-9B84-5FCF792DE804} = {73A6BA8C-5258-408F-AA0C-D15874038FA9}
		{2BAF691A-4B8B-4BA4-8CCE-114D0B9CE83A} = {844C2A4B-D328-4885-AB1F-F75BB31C9772}
		{844C2A4B-D328-4885-AB1F-F75BB31C9772} = {4514D60C-4468-43F2-9911-F680758BE5EE}
		{8D2C0F24-2B86-467D-8161-5743ADB4F375} = {57C73204-92A3-493D-A012-D3E8F9526107}
		{F3272359-B9B9-4801-A61E-D0DD4DE2038D} = {D9CD1800-1ABF-4B8A-A0D2-77BA05A0D612}
		{D9CD1800-1ABF-4B8A-A0D2-77BA05A0D612} = {C3102E11-B535-4C5F-94EA-EFB946E35FA7}
		{728F968B-CCAA-4163-9E1C-237A6A30F24D} = {52E07F4E-20F9-46E4-8110-A054FD4580DC}
		{52E07F4E-20F9-46E4-8110-A054FD4580DC} = {5AADAC40-20C9-11ED-8914-BF10E6C0C194}
		{56CFCF00-7FF8-45A8-800C-6D61F4DE0B3F} = {2C15E67B-C350-4684-900F-23145E94B9AA}
		{BB55920C-BB3C-4B96-AD17-3EF5D1C912FF} = {E76A553B-7F78-4D38-9F69-06879B17E597}
		{C70C3230-1FC4-46E0-A1D7-F5593657F4C9} = {73A6BA8C-5258-408F-AA0C-D15874038FA9}
		{DD3AA4CB-C223-4523-A41C-69A5F5F694E5} = {E76A553B-7F78-4D38-9F69-06879B17E597}
		{3B1FD121-1DCE-46BE-BEDF-564A0B40CA3B} = {9D119B5E-BF7F-468F-9D76-D4DCC82DADD0}
		{EF4C3D9C-4BA6-46A5-B569-BA8E155F0353} = {C7E88A7C-087A-416E-A521-3454BE0B4327}
		{E76A553B-7F78-4D38-9F69-06879B17E597} = {C70C3230-1FC4-46E0-A1D7-F5593657F4C9}
		{C7E88A7C-087A-416E-A521-3454BE0B4327} = {C70C3230-1FC4-46E0-A1D7-F5593657F4C9}
		{9D119B5E-BF7F-468F-9D76-D4DCC82DADD0} = {C70C3230-1FC4-46E0-A1D7-F5593657F4C9}
		{234FC7D2-56B1-4B1D-AA96-5887C49DFEDF} = {66F77D6F-FC61-437D-9556-C66ACBB5382E}
		{9F1E080A-2C24-450E-87F3-300A33C19DBF} = {1670BEF2-352A-4C9C-92A7-2590BE337C38}
		{1670BEF2-352A-4C9C-92A7-2590BE337C38} = {6021DA20-20C9-11ED-8914-BF10E6C0C194}
		{E99E0DED-FB31-4B7C-8949-7318C226B736} = {66F77D6F-FC61-437D-9556-C66ACBB5382E}
		{7C77A843-A07A-487E-800D-2B8CB76A2C5A} = {C3FDC6E7-865A-4BD8-8848-BBBA71EF2ED7}
		{C3FDC6E7-865A-4BD8-8848-BBBA71EF2ED7} = {2A0CF1A1-68D5-49B8-AE70-E8CD6FD0688A}
		{23DCD2C9-1A2E-4F41-9D25-FFBB8B6CB6B0} = {66F77D6F-FC61-437D-9556-C66ACBB5382E}
		{E5194BCC-5D0C-44A0-9233-66FCAD12CD8A} = {EA2C78E7-2A86-4FDC-9F58-128379093288}
		{7507C07C-6FD1-4BCE-A69D-3334D859DF9C} = {BE1F0E77-5576-4F27-A7FE-7E45A8A939CC}
		{2A0CF1A1-68D5-49B8-AE70-E8CD6FD0688A} = {5CB9A71C-9D19-4111-85BC-62AD019BD925}
		{66F77D6F-FC61-437D-9556-C66ACBB5382E} = {2A0CF1A1-68D5-49B8-AE70-E8CD6FD0688A}
		{BE1F0E77-5576-4F27-A7FE-7E45A8A939CC} = {2A0CF1A1-68D5-49B8-AE70-E8CD6FD0688A}
		{EA2C78E7-2A86-4FDC-9F58-128379093288} = {2A0CF1A1-68D5-49B8-AE70-E8CD6FD0688A}
		{CCBD5265-BACB-45F0-839E-6EDD8E816F4F} = {8F6BE3AD-D151-4F71-91AF-D2DD393284BA}
		{E858DF37-8FD1-47E1-BE1F-09201876F554} = {8F6BE3AD-D151-4F71-91AF-D2DD393284BA}
		{BD6BA962-3D94-499F-8478-3A2E7268CD94} = {C2E55A04-75DD-4FFF-8032-9BEB685E9D3D}
		{172908DA-6175-44E3-A6C7-0634B1C3871B} = {7E8B80C2-8FDA-4EC4-98AF-B0569C7BB5F9}
		{7E8B80C2-8FDA-4EC4-98AF-B0569C7BB5F9} = {0C905C3A-9A7D-408B-B781-C3B4C48F7D2E}
		{8F6BE3AD-D151-4F71-91AF-D2DD393284BA} = {0C905C3A-9A7D-408B-B781-C3B4C48F7D2E}
		{C2E55A04-75DD-4FFF-8032-9BEB685E9D3D} = {0C905C3A-9A7D-408B-B781-C3B4C48F7D2E}
		{0C905C3A-9A7D-408B-B781-C3B4C48F7D2E} = {3C10B729-55C0-411B-9971-84D58768AFB3}
		{D7DCCD70-F596-4EFB-A09E-95B71567DCD6} = {B1F66CC9-A8CD-4B2C-BBDD-A113CE546592}
		{03048958-0FF4-4DDE-9F61-F592B1ECA3AD} = {AA9F9ECC-F9CD-4FF3-BCB3-1F116EB038DD}
		{B1F66CC9-A8CD-4B2C-BBDD-A113CE546592} = {9D43FF52-E127-4278-9464-A960305AF8B5}
		{7EA44747-E14A-445D-B0F2-A0ACC53C0831} = {24F668F3-2288-4F17-BA48-79673AD877C0}
		{B32FF749-72B6-4EFA-BE76-F351ABD568F6} = {3D6EA27E-9268-4A5F-AC4D-13E589332084}
		{3D6EA27E-9268-4A5F-AC4D-13E589332084} = {F3AFBA60-A853-4D79-A999-4A4CEECD0D69}
		{1CE4C2B4-D3E6-4299-ADFC-007E3CE92853} = {FEEE977B-60EA-4614-8BA3-84603AF99A88}
		{822E5E20-CD62-47C6-B7E8-B73DC9F188E8} = {957F6514-5A3E-4336-8252-8ACDAA45B32C}
		{C3494504-9690-4279-B760-AFBCE9302D6F} = {7B302083-26EB-4A6C-985D-9CF0AEBCF87F}
		{7B302083-26EB-4A6C-985D-9CF0AEBCF87F} = {6021DA20-20C9-11ED-8914-BF10E6C0C194}
		{048EA5EF-2737-4993-896C-A06ABF371651} = {69DE6010-20C9-11ED-8914-BF10E6C0C194}
		{6991C12D-A563-40B6-BC9A-D372CAE068B8} = {57C73204-92A3-493D-A012-D3E8F9526107}
		{AD213834-1B4D-4922-9ABB-8F6149BF9409} = {24F668F3-2288-4F17-BA48-79673AD877C0}
		{4F175DB9-7BC4-4BF3-90AF-5F2619C488A2} = {9CFF39CF-5622-4C3B-99FF-A3191A0A38A5}
		{0224248F-2367-4DE1-B158-F1DB8D7E1B81} = {AA9F9ECC-F9CD-4FF3-BCB3-1F116EB038DD}
		{AA9F9ECC-F9CD-4FF3-BCB3-1F116EB038DD} = {9D43FF52-E127-4278-9464-A960305AF8B5}
		{24F668F3-2288-4F17-BA48-79673AD877C0} = {9D43FF52-E127-4278-9464-A960305AF8B5}
		{9CFF39CF-5622-4C3B-99FF-A3191A0A38A5} = {9D43FF52-E127-4278-9464-A960305AF8B5}
		{9D43FF52-E127-4278-9464-A960305AF8B5} = {4514D60C-4468-43F2-9911-F680758BE5EE}
		{3BF5ECF3-0B50-42B8-856F-08BAB0F227AF} = {57C73204-92A3-493D-A012-D3E8F9526107}
		{07878A73-446E-46B8-BBD8-E9D0FD23E9C1} = {57C73204-92A3-493D-A012-D3E8F9526107}
		{983477C6-6367-4F7A-88B5-28EDEFA14896} = {57C73204-92A3-493D-A012-D3E8F9526107}
		{796376DD-61AE-4A7D-A2F9-BD627623285A} = {957F6514-5A3E-4336-8252-8ACDAA45B32C}
		{4A2BA6F4-1AC5-47BE-A123-490BE6E3FDD9} = {51FD6824-D550-40D0-A457-E52F51F740F0}
		{C9050EAB-5A6F-4E07-838C-19A9A4917F4F} = {FEEE977B-60EA-4614-8BA3-84603AF99A88}
		{FEEE977B-60EA-4614-8BA3-84603AF99A88} = {F3AFBA60-A853-4D79-A999-4A4CEECD0D69}
		{957F6514-5A3E-4336-8252-8ACDAA45B32C} = {F3AFBA60-A853-4D79-A999-4A4CEECD0D69}
		{51FD6824-D550-40D0-A457-E52F51F740F0} = {F3AFBA60-A853-4D79-A999-4A4CEECD0D69}
		{F3AFBA60-A853-4D79-A999-4A4CEECD0D69} = {C3102E11-B535-4C5F-94EA-EFB946E35FA7}
		{641BB012-FAD1-4A15-9C27-624111663181} = {FD8A5490-20C9-11ED-8914-BF10E6C0C194}
		{C85EA288-0EFB-4F64-AD4E-02901F476127} = {F904F380-20C9-11ED-8914-BF10E6C0C194}
		{FD8A5490-20C9-11ED-8914-BF10E6C0C194} = {6021DA20-20C9-11ED-8914-BF10E6C0C194}
		{F904F380-20C9-11ED-8914-BF10E6C0C194} = {6021DA20-20C9-11ED-8914-BF10E6C0C194}
		{32E0711F-C606-47CE-ADDF-1D0272BDB164} = {69DE6010-20C9-11ED-8914-BF10E6C0C194}
		{69DE6010-20C9-11ED-8914-BF10E6C0C194} = {6021DA20-20C9-11ED-8914-BF10E6C0C194}
		{6021DA20-20C9-11ED-8914-BF10E6C0C194} = {5AADAC40-20C9-11ED-8914-BF10E6C0C194}
	EndGlobalSection
	GlobalSection(ProjectConfigurationPlatforms) = postSolution
		{32E0711F-C606-47CE-ADDF-1D0272BDB164}.Debug|Any CPU.ActiveCfg = Debug|Any CPU
		{32E0711F-C606-47CE-ADDF-1D0272BDB164}.Debug|Any CPU.Build.0 = Debug|Any CPU
		{32E0711F-C606-47CE-ADDF-1D0272BDB164}.Release|Any CPU.ActiveCfg = Release|Any CPU
		{32E0711F-C606-47CE-ADDF-1D0272BDB164}.Release|Any CPU.Build.0 = Release|Any CPU
		{C85EA288-0EFB-4F64-AD4E-02901F476127}.Debug|Any CPU.ActiveCfg = Debug|Any CPU
		{C85EA288-0EFB-4F64-AD4E-02901F476127}.Debug|Any CPU.Build.0 = Debug|Any CPU
		{C85EA288-0EFB-4F64-AD4E-02901F476127}.Release|Any CPU.ActiveCfg = Release|Any CPU
		{C85EA288-0EFB-4F64-AD4E-02901F476127}.Release|Any CPU.Build.0 = Release|Any CPU
		{641BB012-FAD1-4A15-9C27-624111663181}.Debug|Any CPU.ActiveCfg = Debug|Any CPU
		{641BB012-FAD1-4A15-9C27-624111663181}.Debug|Any CPU.Build.0 = Debug|Any CPU
		{641BB012-FAD1-4A15-9C27-624111663181}.Release|Any CPU.ActiveCfg = Release|Any CPU
		{641BB012-FAD1-4A15-9C27-624111663181}.Release|Any CPU.Build.0 = Release|Any CPU
		{C9050EAB-5A6F-4E07-838C-19A9A4917F4F}.Debug|Any CPU.ActiveCfg = Debug|Any CPU
		{C9050EAB-5A6F-4E07-838C-19A9A4917F4F}.Debug|Any CPU.Build.0 = Debug|Any CPU
		{C9050EAB-5A6F-4E07-838C-19A9A4917F4F}.Release|Any CPU.ActiveCfg = Release|Any CPU
		{C9050EAB-5A6F-4E07-838C-19A9A4917F4F}.Release|Any CPU.Build.0 = Release|Any CPU
		{4A2BA6F4-1AC5-47BE-A123-490BE6E3FDD9}.Debug|Any CPU.ActiveCfg = Debug|Any CPU
		{4A2BA6F4-1AC5-47BE-A123-490BE6E3FDD9}.Debug|Any CPU.Build.0 = Debug|Any CPU
		{4A2BA6F4-1AC5-47BE-A123-490BE6E3FDD9}.Release|Any CPU.ActiveCfg = Release|Any CPU
		{4A2BA6F4-1AC5-47BE-A123-490BE6E3FDD9}.Release|Any CPU.Build.0 = Release|Any CPU
		{796376DD-61AE-4A7D-A2F9-BD627623285A}.Debug|Any CPU.ActiveCfg = Debug|Any CPU
		{796376DD-61AE-4A7D-A2F9-BD627623285A}.Debug|Any CPU.Build.0 = Debug|Any CPU
		{796376DD-61AE-4A7D-A2F9-BD627623285A}.Release|Any CPU.ActiveCfg = Release|Any CPU
		{796376DD-61AE-4A7D-A2F9-BD627623285A}.Release|Any CPU.Build.0 = Release|Any CPU
		{983477C6-6367-4F7A-88B5-28EDEFA14896}.Debug|Any CPU.ActiveCfg = Debug|Any CPU
		{983477C6-6367-4F7A-88B5-28EDEFA14896}.Debug|Any CPU.Build.0 = Debug|Any CPU
		{983477C6-6367-4F7A-88B5-28EDEFA14896}.Release|Any CPU.ActiveCfg = Release|Any CPU
		{983477C6-6367-4F7A-88B5-28EDEFA14896}.Release|Any CPU.Build.0 = Release|Any CPU
		{07878A73-446E-46B8-BBD8-E9D0FD23E9C1}.Debug|Any CPU.ActiveCfg = Debug|Any CPU
		{07878A73-446E-46B8-BBD8-E9D0FD23E9C1}.Debug|Any CPU.Build.0 = Debug|Any CPU
		{07878A73-446E-46B8-BBD8-E9D0FD23E9C1}.Release|Any CPU.ActiveCfg = Release|Any CPU
		{07878A73-446E-46B8-BBD8-E9D0FD23E9C1}.Release|Any CPU.Build.0 = Release|Any CPU
		{3BF5ECF3-0B50-42B8-856F-08BAB0F227AF}.Debug|Any CPU.ActiveCfg = Debug|Any CPU
		{3BF5ECF3-0B50-42B8-856F-08BAB0F227AF}.Debug|Any CPU.Build.0 = Debug|Any CPU
		{3BF5ECF3-0B50-42B8-856F-08BAB0F227AF}.Release|Any CPU.ActiveCfg = Release|Any CPU
		{3BF5ECF3-0B50-42B8-856F-08BAB0F227AF}.Release|Any CPU.Build.0 = Release|Any CPU
		{0224248F-2367-4DE1-B158-F1DB8D7E1B81}.Debug|Any CPU.ActiveCfg = Debug|Any CPU
		{0224248F-2367-4DE1-B158-F1DB8D7E1B81}.Debug|Any CPU.Build.0 = Debug|Any CPU
		{0224248F-2367-4DE1-B158-F1DB8D7E1B81}.Release|Any CPU.ActiveCfg = Release|Any CPU
		{0224248F-2367-4DE1-B158-F1DB8D7E1B81}.Release|Any CPU.Build.0 = Release|Any CPU
		{4F175DB9-7BC4-4BF3-90AF-5F2619C488A2}.Debug|Any CPU.ActiveCfg = Debug|Any CPU
		{4F175DB9-7BC4-4BF3-90AF-5F2619C488A2}.Debug|Any CPU.Build.0 = Debug|Any CPU
		{4F175DB9-7BC4-4BF3-90AF-5F2619C488A2}.Release|Any CPU.ActiveCfg = Release|Any CPU
		{4F175DB9-7BC4-4BF3-90AF-5F2619C488A2}.Release|Any CPU.Build.0 = Release|Any CPU
		{AD213834-1B4D-4922-9ABB-8F6149BF9409}.Debug|Any CPU.ActiveCfg = Debug|Any CPU
		{AD213834-1B4D-4922-9ABB-8F6149BF9409}.Debug|Any CPU.Build.0 = Debug|Any CPU
		{AD213834-1B4D-4922-9ABB-8F6149BF9409}.Release|Any CPU.ActiveCfg = Release|Any CPU
		{AD213834-1B4D-4922-9ABB-8F6149BF9409}.Release|Any CPU.Build.0 = Release|Any CPU
		{6991C12D-A563-40B6-BC9A-D372CAE068B8}.Debug|Any CPU.ActiveCfg = Debug|Any CPU
		{6991C12D-A563-40B6-BC9A-D372CAE068B8}.Debug|Any CPU.Build.0 = Debug|Any CPU
		{6991C12D-A563-40B6-BC9A-D372CAE068B8}.Release|Any CPU.ActiveCfg = Release|Any CPU
		{6991C12D-A563-40B6-BC9A-D372CAE068B8}.Release|Any CPU.Build.0 = Release|Any CPU
		{048EA5EF-2737-4993-896C-A06ABF371651}.Debug|Any CPU.ActiveCfg = Debug|Any CPU
		{048EA5EF-2737-4993-896C-A06ABF371651}.Debug|Any CPU.Build.0 = Debug|Any CPU
		{048EA5EF-2737-4993-896C-A06ABF371651}.Release|Any CPU.ActiveCfg = Release|Any CPU
		{048EA5EF-2737-4993-896C-A06ABF371651}.Release|Any CPU.Build.0 = Release|Any CPU
		{C3494504-9690-4279-B760-AFBCE9302D6F}.Debug|Any CPU.ActiveCfg = Debug|Any CPU
		{C3494504-9690-4279-B760-AFBCE9302D6F}.Debug|Any CPU.Build.0 = Debug|Any CPU
		{C3494504-9690-4279-B760-AFBCE9302D6F}.Release|Any CPU.ActiveCfg = Release|Any CPU
		{C3494504-9690-4279-B760-AFBCE9302D6F}.Release|Any CPU.Build.0 = Release|Any CPU
		{822E5E20-CD62-47C6-B7E8-B73DC9F188E8}.Debug|Any CPU.ActiveCfg = Debug|Any CPU
		{822E5E20-CD62-47C6-B7E8-B73DC9F188E8}.Debug|Any CPU.Build.0 = Debug|Any CPU
		{822E5E20-CD62-47C6-B7E8-B73DC9F188E8}.Release|Any CPU.ActiveCfg = Release|Any CPU
		{822E5E20-CD62-47C6-B7E8-B73DC9F188E8}.Release|Any CPU.Build.0 = Release|Any CPU
		{1CE4C2B4-D3E6-4299-ADFC-007E3CE92853}.Debug|Any CPU.ActiveCfg = Debug|Any CPU
		{1CE4C2B4-D3E6-4299-ADFC-007E3CE92853}.Debug|Any CPU.Build.0 = Debug|Any CPU
		{1CE4C2B4-D3E6-4299-ADFC-007E3CE92853}.Release|Any CPU.ActiveCfg = Release|Any CPU
		{1CE4C2B4-D3E6-4299-ADFC-007E3CE92853}.Release|Any CPU.Build.0 = Release|Any CPU
		{B32FF749-72B6-4EFA-BE76-F351ABD568F6}.Debug|Any CPU.ActiveCfg = Debug|Any CPU
		{B32FF749-72B6-4EFA-BE76-F351ABD568F6}.Debug|Any CPU.Build.0 = Debug|Any CPU
		{B32FF749-72B6-4EFA-BE76-F351ABD568F6}.Release|Any CPU.ActiveCfg = Release|Any CPU
		{B32FF749-72B6-4EFA-BE76-F351ABD568F6}.Release|Any CPU.Build.0 = Release|Any CPU
		{7EA44747-E14A-445D-B0F2-A0ACC53C0831}.Debug|Any CPU.ActiveCfg = Debug|Any CPU
		{7EA44747-E14A-445D-B0F2-A0ACC53C0831}.Debug|Any CPU.Build.0 = Debug|Any CPU
		{7EA44747-E14A-445D-B0F2-A0ACC53C0831}.Release|Any CPU.ActiveCfg = Release|Any CPU
		{7EA44747-E14A-445D-B0F2-A0ACC53C0831}.Release|Any CPU.Build.0 = Release|Any CPU
		{03048958-0FF4-4DDE-9F61-F592B1ECA3AD}.Debug|Any CPU.ActiveCfg = Debug|Any CPU
		{03048958-0FF4-4DDE-9F61-F592B1ECA3AD}.Debug|Any CPU.Build.0 = Debug|Any CPU
		{03048958-0FF4-4DDE-9F61-F592B1ECA3AD}.Release|Any CPU.ActiveCfg = Release|Any CPU
		{03048958-0FF4-4DDE-9F61-F592B1ECA3AD}.Release|Any CPU.Build.0 = Release|Any CPU
		{D7DCCD70-F596-4EFB-A09E-95B71567DCD6}.Debug|Any CPU.ActiveCfg = Debug|Any CPU
		{D7DCCD70-F596-4EFB-A09E-95B71567DCD6}.Debug|Any CPU.Build.0 = Debug|Any CPU
		{D7DCCD70-F596-4EFB-A09E-95B71567DCD6}.Release|Any CPU.ActiveCfg = Release|Any CPU
		{D7DCCD70-F596-4EFB-A09E-95B71567DCD6}.Release|Any CPU.Build.0 = Release|Any CPU
		{172908DA-6175-44E3-A6C7-0634B1C3871B}.Debug|Any CPU.ActiveCfg = Debug|Any CPU
		{172908DA-6175-44E3-A6C7-0634B1C3871B}.Debug|Any CPU.Build.0 = Debug|Any CPU
		{172908DA-6175-44E3-A6C7-0634B1C3871B}.Release|Any CPU.ActiveCfg = Release|Any CPU
		{172908DA-6175-44E3-A6C7-0634B1C3871B}.Release|Any CPU.Build.0 = Release|Any CPU
		{BD6BA962-3D94-499F-8478-3A2E7268CD94}.Debug|Any CPU.ActiveCfg = Debug|Any CPU
		{BD6BA962-3D94-499F-8478-3A2E7268CD94}.Debug|Any CPU.Build.0 = Debug|Any CPU
		{BD6BA962-3D94-499F-8478-3A2E7268CD94}.Release|Any CPU.ActiveCfg = Release|Any CPU
		{BD6BA962-3D94-499F-8478-3A2E7268CD94}.Release|Any CPU.Build.0 = Release|Any CPU
		{E858DF37-8FD1-47E1-BE1F-09201876F554}.Debug|Any CPU.ActiveCfg = Debug|Any CPU
		{E858DF37-8FD1-47E1-BE1F-09201876F554}.Debug|Any CPU.Build.0 = Debug|Any CPU
		{E858DF37-8FD1-47E1-BE1F-09201876F554}.Release|Any CPU.ActiveCfg = Release|Any CPU
		{E858DF37-8FD1-47E1-BE1F-09201876F554}.Release|Any CPU.Build.0 = Release|Any CPU
		{CCBD5265-BACB-45F0-839E-6EDD8E816F4F}.Debug|Any CPU.ActiveCfg = Debug|Any CPU
		{CCBD5265-BACB-45F0-839E-6EDD8E816F4F}.Debug|Any CPU.Build.0 = Debug|Any CPU
		{CCBD5265-BACB-45F0-839E-6EDD8E816F4F}.Release|Any CPU.ActiveCfg = Release|Any CPU
		{CCBD5265-BACB-45F0-839E-6EDD8E816F4F}.Release|Any CPU.Build.0 = Release|Any CPU
		{7507C07C-6FD1-4BCE-A69D-3334D859DF9C}.Debug|Any CPU.ActiveCfg = Debug|Any CPU
		{7507C07C-6FD1-4BCE-A69D-3334D859DF9C}.Debug|Any CPU.Build.0 = Debug|Any CPU
		{7507C07C-6FD1-4BCE-A69D-3334D859DF9C}.Release|Any CPU.ActiveCfg = Release|Any CPU
		{7507C07C-6FD1-4BCE-A69D-3334D859DF9C}.Release|Any CPU.Build.0 = Release|Any CPU
		{E5194BCC-5D0C-44A0-9233-66FCAD12CD8A}.Debug|Any CPU.ActiveCfg = Debug|Any CPU
		{E5194BCC-5D0C-44A0-9233-66FCAD12CD8A}.Debug|Any CPU.Build.0 = Debug|Any CPU
		{E5194BCC-5D0C-44A0-9233-66FCAD12CD8A}.Release|Any CPU.ActiveCfg = Release|Any CPU
		{E5194BCC-5D0C-44A0-9233-66FCAD12CD8A}.Release|Any CPU.Build.0 = Release|Any CPU
		{23DCD2C9-1A2E-4F41-9D25-FFBB8B6CB6B0}.Debug|Any CPU.ActiveCfg = Debug|Any CPU
		{23DCD2C9-1A2E-4F41-9D25-FFBB8B6CB6B0}.Debug|Any CPU.Build.0 = Debug|Any CPU
		{23DCD2C9-1A2E-4F41-9D25-FFBB8B6CB6B0}.Release|Any CPU.ActiveCfg = Release|Any CPU
		{23DCD2C9-1A2E-4F41-9D25-FFBB8B6CB6B0}.Release|Any CPU.Build.0 = Release|Any CPU
		{7C77A843-A07A-487E-800D-2B8CB76A2C5A}.Debug|Any CPU.ActiveCfg = Debug|Any CPU
		{7C77A843-A07A-487E-800D-2B8CB76A2C5A}.Debug|Any CPU.Build.0 = Debug|Any CPU
		{7C77A843-A07A-487E-800D-2B8CB76A2C5A}.Release|Any CPU.ActiveCfg = Release|Any CPU
		{7C77A843-A07A-487E-800D-2B8CB76A2C5A}.Release|Any CPU.Build.0 = Release|Any CPU
		{E99E0DED-FB31-4B7C-8949-7318C226B736}.Debug|Any CPU.ActiveCfg = Debug|Any CPU
		{E99E0DED-FB31-4B7C-8949-7318C226B736}.Debug|Any CPU.Build.0 = Debug|Any CPU
		{E99E0DED-FB31-4B7C-8949-7318C226B736}.Release|Any CPU.ActiveCfg = Release|Any CPU
		{E99E0DED-FB31-4B7C-8949-7318C226B736}.Release|Any CPU.Build.0 = Release|Any CPU
		{9F1E080A-2C24-450E-87F3-300A33C19DBF}.Debug|Any CPU.ActiveCfg = Debug|Any CPU
		{9F1E080A-2C24-450E-87F3-300A33C19DBF}.Debug|Any CPU.Build.0 = Debug|Any CPU
		{9F1E080A-2C24-450E-87F3-300A33C19DBF}.Release|Any CPU.ActiveCfg = Release|Any CPU
		{9F1E080A-2C24-450E-87F3-300A33C19DBF}.Release|Any CPU.Build.0 = Release|Any CPU
		{234FC7D2-56B1-4B1D-AA96-5887C49DFEDF}.Debug|Any CPU.ActiveCfg = Debug|Any CPU
		{234FC7D2-56B1-4B1D-AA96-5887C49DFEDF}.Debug|Any CPU.Build.0 = Debug|Any CPU
		{234FC7D2-56B1-4B1D-AA96-5887C49DFEDF}.Release|Any CPU.ActiveCfg = Release|Any CPU
		{234FC7D2-56B1-4B1D-AA96-5887C49DFEDF}.Release|Any CPU.Build.0 = Release|Any CPU
		{EF4C3D9C-4BA6-46A5-B569-BA8E155F0353}.Debug|Any CPU.ActiveCfg = Debug|Any CPU
		{EF4C3D9C-4BA6-46A5-B569-BA8E155F0353}.Debug|Any CPU.Build.0 = Debug|Any CPU
		{EF4C3D9C-4BA6-46A5-B569-BA8E155F0353}.Release|Any CPU.ActiveCfg = Release|Any CPU
		{EF4C3D9C-4BA6-46A5-B569-BA8E155F0353}.Release|Any CPU.Build.0 = Release|Any CPU
		{3B1FD121-1DCE-46BE-BEDF-564A0B40CA3B}.Debug|Any CPU.ActiveCfg = Debug|Any CPU
		{3B1FD121-1DCE-46BE-BEDF-564A0B40CA3B}.Debug|Any CPU.Build.0 = Debug|Any CPU
		{3B1FD121-1DCE-46BE-BEDF-564A0B40CA3B}.Release|Any CPU.ActiveCfg = Release|Any CPU
		{3B1FD121-1DCE-46BE-BEDF-564A0B40CA3B}.Release|Any CPU.Build.0 = Release|Any CPU
		{DD3AA4CB-C223-4523-A41C-69A5F5F694E5}.Debug|Any CPU.ActiveCfg = Debug|Any CPU
		{DD3AA4CB-C223-4523-A41C-69A5F5F694E5}.Debug|Any CPU.Build.0 = Debug|Any CPU
		{DD3AA4CB-C223-4523-A41C-69A5F5F694E5}.Release|Any CPU.ActiveCfg = Release|Any CPU
		{DD3AA4CB-C223-4523-A41C-69A5F5F694E5}.Release|Any CPU.Build.0 = Release|Any CPU
		{BB55920C-BB3C-4B96-AD17-3EF5D1C912FF}.Debug|Any CPU.ActiveCfg = Debug|Any CPU
		{BB55920C-BB3C-4B96-AD17-3EF5D1C912FF}.Debug|Any CPU.Build.0 = Debug|Any CPU
		{BB55920C-BB3C-4B96-AD17-3EF5D1C912FF}.Release|Any CPU.ActiveCfg = Release|Any CPU
		{BB55920C-BB3C-4B96-AD17-3EF5D1C912FF}.Release|Any CPU.Build.0 = Release|Any CPU
		{56CFCF00-7FF8-45A8-800C-6D61F4DE0B3F}.Debug|Any CPU.ActiveCfg = Debug|Any CPU
		{56CFCF00-7FF8-45A8-800C-6D61F4DE0B3F}.Debug|Any CPU.Build.0 = Debug|Any CPU
		{56CFCF00-7FF8-45A8-800C-6D61F4DE0B3F}.Release|Any CPU.ActiveCfg = Release|Any CPU
		{56CFCF00-7FF8-45A8-800C-6D61F4DE0B3F}.Release|Any CPU.Build.0 = Release|Any CPU
		{728F968B-CCAA-4163-9E1C-237A6A30F24D}.Debug|Any CPU.ActiveCfg = Debug|Any CPU
		{728F968B-CCAA-4163-9E1C-237A6A30F24D}.Debug|Any CPU.Build.0 = Debug|Any CPU
		{728F968B-CCAA-4163-9E1C-237A6A30F24D}.Release|Any CPU.ActiveCfg = Release|Any CPU
		{728F968B-CCAA-4163-9E1C-237A6A30F24D}.Release|Any CPU.Build.0 = Release|Any CPU
		{F3272359-B9B9-4801-A61E-D0DD4DE2038D}.Debug|Any CPU.ActiveCfg = Debug|Any CPU
		{F3272359-B9B9-4801-A61E-D0DD4DE2038D}.Debug|Any CPU.Build.0 = Debug|Any CPU
		{F3272359-B9B9-4801-A61E-D0DD4DE2038D}.Release|Any CPU.ActiveCfg = Release|Any CPU
		{F3272359-B9B9-4801-A61E-D0DD4DE2038D}.Release|Any CPU.Build.0 = Release|Any CPU
		{8D2C0F24-2B86-467D-8161-5743ADB4F375}.Debug|Any CPU.ActiveCfg = Debug|Any CPU
		{8D2C0F24-2B86-467D-8161-5743ADB4F375}.Debug|Any CPU.Build.0 = Debug|Any CPU
		{8D2C0F24-2B86-467D-8161-5743ADB4F375}.Release|Any CPU.ActiveCfg = Release|Any CPU
		{8D2C0F24-2B86-467D-8161-5743ADB4F375}.Release|Any CPU.Build.0 = Release|Any CPU
		{2BAF691A-4B8B-4BA4-8CCE-114D0B9CE83A}.Debug|Any CPU.ActiveCfg = Debug|Any CPU
		{2BAF691A-4B8B-4BA4-8CCE-114D0B9CE83A}.Debug|Any CPU.Build.0 = Debug|Any CPU
		{2BAF691A-4B8B-4BA4-8CCE-114D0B9CE83A}.Release|Any CPU.ActiveCfg = Release|Any CPU
		{2BAF691A-4B8B-4BA4-8CCE-114D0B9CE83A}.Release|Any CPU.Build.0 = Release|Any CPU
		{52312290-A4F9-4ED4-96D8-8D7CF0695F54}.Debug|Any CPU.ActiveCfg = Debug|Any CPU
		{52312290-A4F9-4ED4-96D8-8D7CF0695F54}.Debug|Any CPU.Build.0 = Debug|Any CPU
		{52312290-A4F9-4ED4-96D8-8D7CF0695F54}.Release|Any CPU.ActiveCfg = Release|Any CPU
		{52312290-A4F9-4ED4-96D8-8D7CF0695F54}.Release|Any CPU.Build.0 = Release|Any CPU
		{79E10A18-B0E2-417A-8832-863CE6F2DE5C}.Debug|Any CPU.ActiveCfg = Debug|Any CPU
		{79E10A18-B0E2-417A-8832-863CE6F2DE5C}.Debug|Any CPU.Build.0 = Debug|Any CPU
		{79E10A18-B0E2-417A-8832-863CE6F2DE5C}.Release|Any CPU.ActiveCfg = Release|Any CPU
		{79E10A18-B0E2-417A-8832-863CE6F2DE5C}.Release|Any CPU.Build.0 = Release|Any CPU
		{403C0129-E240-4B96-97B3-4DCEEACE380D}.Debug|Any CPU.ActiveCfg = Debug|Any CPU
		{403C0129-E240-4B96-97B3-4DCEEACE380D}.Debug|Any CPU.Build.0 = Debug|Any CPU
		{403C0129-E240-4B96-97B3-4DCEEACE380D}.Release|Any CPU.ActiveCfg = Release|Any CPU
		{403C0129-E240-4B96-97B3-4DCEEACE380D}.Release|Any CPU.Build.0 = Release|Any CPU
	EndGlobalSection
EndGlobal
