
Microsoft Visual Studio Solution File, Format Version 12.00
# Visual Studio Version 16
VisualStudioVersion = 16.0.30114.105
MinimumVisualStudioVersion = 10.0.40219.1
Project("{2150E333-8FDC-42A3-9474-1A3956D46DE8}") = "IdentityProvider", "IdentityProvider", "{5AADAC40-20C9-11ED-8914-BF10E6C0C194}"
EndProject
Project("{2150E333-8FDC-42A3-9474-1A3956D46DE8}") = "src", "src", "{6021DA20-20C9-11ED-8914-BF10E6C0C194}"
EndProject
Project("{2150E333-8FDC-42A3-9474-1A3956D46DE8}") = "Presentation", "Presentation", "{69DE6010-20C9-11ED-8914-BF10E6C0C194}"
EndProject
Project("{FAE04EC0-301F-11D3-BF4B-00C04F79EFBC}") = "SchoolApp.IdentityProvider.Api", "SchoolApp.IdentityProvider.Api\SchoolApp.IdentityProvider.Api.csproj", "{32E0711F-C606-47CE-ADDF-1D0272BDB164}"
EndProject
Project("{2150E333-8FDC-42A3-9474-1A3956D46DE8}") = "Application", "Application", "{F904F380-20C9-11ED-8914-BF10E6C0C194}"
EndProject
Project("{2150E333-8FDC-42A3-9474-1A3956D46DE8}") = "Infrastructure", "Infrastructure", "{FD8A5490-20C9-11ED-8914-BF10E6C0C194}"
EndProject
Project("{FAE04EC0-301F-11D3-BF4B-00C04F79EFBC}") = "SchoolApp.IdentityProvider.Application", "SchoolApp.IdentityProvider.Application\SchoolApp.IdentityProvider.Application.csproj", "{C85EA288-0EFB-4F64-AD4E-02901F476127}"
EndProject
Project("{FAE04EC0-301F-11D3-BF4B-00C04F79EFBC}") = "SchoolApp.IdentityProvider.Sql", "SchoolApp.IdentityProvider.Sql\SchoolApp.IdentityProvider.Sql.csproj", "{641BB012-FAD1-4A15-9C27-624111663181}"
EndProject
Project("{2150E333-8FDC-42A3-9474-1A3956D46DE8}") = "Classroom", "Classroom", "{C3102E11-B535-4C5F-94EA-EFB946E35FA7}"
EndProject
Project("{2150E333-8FDC-42A3-9474-1A3956D46DE8}") = "src", "src", "{F3AFBA60-A853-4D79-A999-4A4CEECD0D69}"
EndProject
Project("{2150E333-8FDC-42A3-9474-1A3956D46DE8}") = "Application", "Application", "{51FD6824-D550-40D0-A457-E52F51F740F0}"
EndProject
Project("{2150E333-8FDC-42A3-9474-1A3956D46DE8}") = "Infrastructure", "Infrastructure", "{957F6514-5A3E-4336-8252-8ACDAA45B32C}"
EndProject
Project("{2150E333-8FDC-42A3-9474-1A3956D46DE8}") = "Presentation", "Presentation", "{FEEE977B-60EA-4614-8BA3-84603AF99A88}"
EndProject
Project("{FAE04EC0-301F-11D3-BF4B-00C04F79EFBC}") = "SchoolApp.Classroom.Api", "SchoolApp.Classroom.Api\SchoolApp.Classroom.Api.csproj", "{C9050EAB-5A6F-4E07-838C-19A9A4917F4F}"
EndProject
Project("{FAE04EC0-301F-11D3-BF4B-00C04F79EFBC}") = "SchoolApp.Classroom.Application", "SchoolApp.Classroom.Application\SchoolApp.Classroom.Application.csproj", "{4A2BA6F4-1AC5-47BE-A123-490BE6E3FDD9}"
EndProject
Project("{FAE04EC0-301F-11D3-BF4B-00C04F79EFBC}") = "SchoolApp.Classroom.Sql", "SchoolApp.Classroom.Sql\SchoolApp.Classroom.Sql.csproj", "{796376DD-61AE-4A7D-A2F9-BD627623285A}"
EndProject
Project("{FAE04EC0-301F-11D3-BF4B-00C04F79EFBC}") = "SchoolApp.Shared.Utils", "SchoolApp.Shared.Utils\SchoolApp.Shared.Utils.csproj", "{983477C6-6367-4F7A-88B5-28EDEFA14896}"
EndProject
Project("{2150E333-8FDC-42A3-9474-1A3956D46DE8}") = "Shared", "Shared", "{57C73204-92A3-493D-A012-D3E8F9526107}"
EndProject
Project("{FAE04EC0-301F-11D3-BF4B-00C04F79EFBC}") = "SchoolApp.Shared.Utils.Sql", "SchoolApp.Shared.Utils.Sql\SchoolApp.Shared.Utils.Sql.csproj", "{07878A73-446E-46B8-BBD8-E9D0FD23E9C1}"
EndProject
Project("{FAE04EC0-301F-11D3-BF4B-00C04F79EFBC}") = "SchoolApp.Shared.Utils.HttpApi", "SchoolApp.Shared.Utils.HttpApi\SchoolApp.Shared.Utils.HttpApi.csproj", "{3BF5ECF3-0B50-42B8-856F-08BAB0F227AF}"
EndProject
Project("{2150E333-8FDC-42A3-9474-1A3956D46DE8}") = "Activity", "Activity", "{4514D60C-4468-43F2-9911-F680758BE5EE}"
EndProject
Project("{2150E333-8FDC-42A3-9474-1A3956D46DE8}") = "src", "src", "{9D43FF52-E127-4278-9464-A960305AF8B5}"
EndProject
Project("{2150E333-8FDC-42A3-9474-1A3956D46DE8}") = "tests", "tests", "{EC22F246-4584-483B-99A5-9E80820B347A}"
EndProject
Project("{2150E333-8FDC-42A3-9474-1A3956D46DE8}") = "Application", "Application", "{9CFF39CF-5622-4C3B-99FF-A3191A0A38A5}"
EndProject
Project("{2150E333-8FDC-42A3-9474-1A3956D46DE8}") = "Infrastructure", "Infrastructure", "{24F668F3-2288-4F17-BA48-79673AD877C0}"
EndProject
Project("{2150E333-8FDC-42A3-9474-1A3956D46DE8}") = "Presentation", "Presentation", "{AA9F9ECC-F9CD-4FF3-BCB3-1F116EB038DD}"
EndProject
Project("{FAE04EC0-301F-11D3-BF4B-00C04F79EFBC}") = "SchoolApp.Activity,Api", "SchoolApp.Activity,Api\SchoolApp.Activity,Api.csproj", "{0224248F-2367-4DE1-B158-F1DB8D7E1B81}"
EndProject
Project("{FAE04EC0-301F-11D3-BF4B-00C04F79EFBC}") = "SchoolApp.Activity.Application", "SchoolApp.Activity.Application\SchoolApp.Activity.Application.csproj", "{4F175DB9-7BC4-4BF3-90AF-5F2619C488A2}"
EndProject
Project("{FAE04EC0-301F-11D3-BF4B-00C04F79EFBC}") = "SchoolApp.Activity.NoSql", "SchoolApp.Activity.NoSql\SchoolApp.Activity.NoSql.csproj", "{AD213834-1B4D-4922-9ABB-8F6149BF9409}"
EndProject
Global
	GlobalSection(SolutionConfigurationPlatforms) = preSolution
		Debug|Any CPU = Debug|Any CPU
		Release|Any CPU = Release|Any CPU
	EndGlobalSection
	GlobalSection(SolutionProperties) = preSolution
		HideSolutionNode = FALSE
	EndGlobalSection
	GlobalSection(NestedProjects) = preSolution
		{AD213834-1B4D-4922-9ABB-8F6149BF9409} = {24F668F3-2288-4F17-BA48-79673AD877C0}
		{4F175DB9-7BC4-4BF3-90AF-5F2619C488A2} = {9CFF39CF-5622-4C3B-99FF-A3191A0A38A5}
		{0224248F-2367-4DE1-B158-F1DB8D7E1B81} = {AA9F9ECC-F9CD-4FF3-BCB3-1F116EB038DD}
		{AA9F9ECC-F9CD-4FF3-BCB3-1F116EB038DD} = {9D43FF52-E127-4278-9464-A960305AF8B5}
		{24F668F3-2288-4F17-BA48-79673AD877C0} = {9D43FF52-E127-4278-9464-A960305AF8B5}
		{9CFF39CF-5622-4C3B-99FF-A3191A0A38A5} = {9D43FF52-E127-4278-9464-A960305AF8B5}
		{EC22F246-4584-483B-99A5-9E80820B347A} = {4514D60C-4468-43F2-9911-F680758BE5EE}
		{9D43FF52-E127-4278-9464-A960305AF8B5} = {4514D60C-4468-43F2-9911-F680758BE5EE}
		{3BF5ECF3-0B50-42B8-856F-08BAB0F227AF} = {57C73204-92A3-493D-A012-D3E8F9526107}
		{07878A73-446E-46B8-BBD8-E9D0FD23E9C1} = {57C73204-92A3-493D-A012-D3E8F9526107}
		{983477C6-6367-4F7A-88B5-28EDEFA14896} = {57C73204-92A3-493D-A012-D3E8F9526107}
		{796376DD-61AE-4A7D-A2F9-BD627623285A} = {957F6514-5A3E-4336-8252-8ACDAA45B32C}
		{4A2BA6F4-1AC5-47BE-A123-490BE6E3FDD9} = {51FD6824-D550-40D0-A457-E52F51F740F0}
		{C9050EAB-5A6F-4E07-838C-19A9A4917F4F} = {FEEE977B-60EA-4614-8BA3-84603AF99A88}
		{FEEE977B-60EA-4614-8BA3-84603AF99A88} = {F3AFBA60-A853-4D79-A999-4A4CEECD0D69}
		{957F6514-5A3E-4336-8252-8ACDAA45B32C} = {F3AFBA60-A853-4D79-A999-4A4CEECD0D69}
		{51FD6824-D550-40D0-A457-E52F51F740F0} = {F3AFBA60-A853-4D79-A999-4A4CEECD0D69}
		{F3AFBA60-A853-4D79-A999-4A4CEECD0D69} = {C3102E11-B535-4C5F-94EA-EFB946E35FA7}
		{641BB012-FAD1-4A15-9C27-624111663181} = {FD8A5490-20C9-11ED-8914-BF10E6C0C194}
		{C85EA288-0EFB-4F64-AD4E-02901F476127} = {F904F380-20C9-11ED-8914-BF10E6C0C194}
		{FD8A5490-20C9-11ED-8914-BF10E6C0C194} = {6021DA20-20C9-11ED-8914-BF10E6C0C194}
		{F904F380-20C9-11ED-8914-BF10E6C0C194} = {6021DA20-20C9-11ED-8914-BF10E6C0C194}
		{32E0711F-C606-47CE-ADDF-1D0272BDB164} = {69DE6010-20C9-11ED-8914-BF10E6C0C194}
		{69DE6010-20C9-11ED-8914-BF10E6C0C194} = {6021DA20-20C9-11ED-8914-BF10E6C0C194}
		{6021DA20-20C9-11ED-8914-BF10E6C0C194} = {5AADAC40-20C9-11ED-8914-BF10E6C0C194}
	EndGlobalSection
	GlobalSection(ProjectConfigurationPlatforms) = postSolution
		{32E0711F-C606-47CE-ADDF-1D0272BDB164}.Debug|Any CPU.ActiveCfg = Debug|Any CPU
		{32E0711F-C606-47CE-ADDF-1D0272BDB164}.Debug|Any CPU.Build.0 = Debug|Any CPU
		{32E0711F-C606-47CE-ADDF-1D0272BDB164}.Release|Any CPU.ActiveCfg = Release|Any CPU
		{32E0711F-C606-47CE-ADDF-1D0272BDB164}.Release|Any CPU.Build.0 = Release|Any CPU
		{C85EA288-0EFB-4F64-AD4E-02901F476127}.Debug|Any CPU.ActiveCfg = Debug|Any CPU
		{C85EA288-0EFB-4F64-AD4E-02901F476127}.Debug|Any CPU.Build.0 = Debug|Any CPU
		{C85EA288-0EFB-4F64-AD4E-02901F476127}.Release|Any CPU.ActiveCfg = Release|Any CPU
		{C85EA288-0EFB-4F64-AD4E-02901F476127}.Release|Any CPU.Build.0 = Release|Any CPU
		{641BB012-FAD1-4A15-9C27-624111663181}.Debug|Any CPU.ActiveCfg = Debug|Any CPU
		{641BB012-FAD1-4A15-9C27-624111663181}.Debug|Any CPU.Build.0 = Debug|Any CPU
		{641BB012-FAD1-4A15-9C27-624111663181}.Release|Any CPU.ActiveCfg = Release|Any CPU
		{641BB012-FAD1-4A15-9C27-624111663181}.Release|Any CPU.Build.0 = Release|Any CPU
		{C9050EAB-5A6F-4E07-838C-19A9A4917F4F}.Debug|Any CPU.ActiveCfg = Debug|Any CPU
		{C9050EAB-5A6F-4E07-838C-19A9A4917F4F}.Debug|Any CPU.Build.0 = Debug|Any CPU
		{C9050EAB-5A6F-4E07-838C-19A9A4917F4F}.Release|Any CPU.ActiveCfg = Release|Any CPU
		{C9050EAB-5A6F-4E07-838C-19A9A4917F4F}.Release|Any CPU.Build.0 = Release|Any CPU
		{4A2BA6F4-1AC5-47BE-A123-490BE6E3FDD9}.Debug|Any CPU.ActiveCfg = Debug|Any CPU
		{4A2BA6F4-1AC5-47BE-A123-490BE6E3FDD9}.Debug|Any CPU.Build.0 = Debug|Any CPU
		{4A2BA6F4-1AC5-47BE-A123-490BE6E3FDD9}.Release|Any CPU.ActiveCfg = Release|Any CPU
		{4A2BA6F4-1AC5-47BE-A123-490BE6E3FDD9}.Release|Any CPU.Build.0 = Release|Any CPU
		{796376DD-61AE-4A7D-A2F9-BD627623285A}.Debug|Any CPU.ActiveCfg = Debug|Any CPU
		{796376DD-61AE-4A7D-A2F9-BD627623285A}.Debug|Any CPU.Build.0 = Debug|Any CPU
		{796376DD-61AE-4A7D-A2F9-BD627623285A}.Release|Any CPU.ActiveCfg = Release|Any CPU
		{796376DD-61AE-4A7D-A2F9-BD627623285A}.Release|Any CPU.Build.0 = Release|Any CPU
		{983477C6-6367-4F7A-88B5-28EDEFA14896}.Debug|Any CPU.ActiveCfg = Debug|Any CPU
		{983477C6-6367-4F7A-88B5-28EDEFA14896}.Debug|Any CPU.Build.0 = Debug|Any CPU
		{983477C6-6367-4F7A-88B5-28EDEFA14896}.Release|Any CPU.ActiveCfg = Release|Any CPU
		{983477C6-6367-4F7A-88B5-28EDEFA14896}.Release|Any CPU.Build.0 = Release|Any CPU
		{07878A73-446E-46B8-BBD8-E9D0FD23E9C1}.Debug|Any CPU.ActiveCfg = Debug|Any CPU
		{07878A73-446E-46B8-BBD8-E9D0FD23E9C1}.Debug|Any CPU.Build.0 = Debug|Any CPU
		{07878A73-446E-46B8-BBD8-E9D0FD23E9C1}.Release|Any CPU.ActiveCfg = Release|Any CPU
		{07878A73-446E-46B8-BBD8-E9D0FD23E9C1}.Release|Any CPU.Build.0 = Release|Any CPU
		{3BF5ECF3-0B50-42B8-856F-08BAB0F227AF}.Debug|Any CPU.ActiveCfg = Debug|Any CPU
		{3BF5ECF3-0B50-42B8-856F-08BAB0F227AF}.Debug|Any CPU.Build.0 = Debug|Any CPU
		{3BF5ECF3-0B50-42B8-856F-08BAB0F227AF}.Release|Any CPU.ActiveCfg = Release|Any CPU
		{3BF5ECF3-0B50-42B8-856F-08BAB0F227AF}.Release|Any CPU.Build.0 = Release|Any CPU
		{0224248F-2367-4DE1-B158-F1DB8D7E1B81}.Debug|Any CPU.ActiveCfg = Debug|Any CPU
		{0224248F-2367-4DE1-B158-F1DB8D7E1B81}.Debug|Any CPU.Build.0 = Debug|Any CPU
		{0224248F-2367-4DE1-B158-F1DB8D7E1B81}.Release|Any CPU.ActiveCfg = Release|Any CPU
		{0224248F-2367-4DE1-B158-F1DB8D7E1B81}.Release|Any CPU.Build.0 = Release|Any CPU
		{4F175DB9-7BC4-4BF3-90AF-5F2619C488A2}.Debug|Any CPU.ActiveCfg = Debug|Any CPU
		{4F175DB9-7BC4-4BF3-90AF-5F2619C488A2}.Debug|Any CPU.Build.0 = Debug|Any CPU
		{4F175DB9-7BC4-4BF3-90AF-5F2619C488A2}.Release|Any CPU.ActiveCfg = Release|Any CPU
		{4F175DB9-7BC4-4BF3-90AF-5F2619C488A2}.Release|Any CPU.Build.0 = Release|Any CPU
		{AD213834-1B4D-4922-9ABB-8F6149BF9409}.Debug|Any CPU.ActiveCfg = Debug|Any CPU
		{AD213834-1B4D-4922-9ABB-8F6149BF9409}.Debug|Any CPU.Build.0 = Debug|Any CPU
		{AD213834-1B4D-4922-9ABB-8F6149BF9409}.Release|Any CPU.ActiveCfg = Release|Any CPU
		{AD213834-1B4D-4922-9ABB-8F6149BF9409}.Release|Any CPU.Build.0 = Release|Any CPU
	EndGlobalSection
EndGlobal
